
Microsoft Visual Studio Solution File, Format Version 12.00
# Visual Studio Version 17
VisualStudioVersion = 17.7.34221.43
MinimumVisualStudioVersion = 10.0.40219.1
Project("{FAE04EC0-301F-11D3-BF4B-00C04F79EFBC}") = "Online rezervacija hotela 2.0", "Online rezervacija hotela 2.0\Online rezervacija hotela 2.0.csproj", "{255C51FD-24D2-4D5F-88FC-E96939003041}"
EndProject
Global
	GlobalSection(SolutionConfigurationPlatforms) = preSolution
		Debug|Any CPU = Debug|Any CPU
		Release|Any CPU = Release|Any CPU
	EndGlobalSection
	GlobalSection(ProjectConfigurationPlatforms) = postSolution
		{255C51FD-24D2-4D5F-88FC-E96939003041}.Debug|Any CPU.ActiveCfg = Debug|Any CPU
		{255C51FD-24D2-4D5F-88FC-E96939003041}.Debug|Any CPU.Build.0 = Debug|Any CPU
		{255C51FD-24D2-4D5F-88FC-E96939003041}.Release|Any CPU.ActiveCfg = Release|Any CPU
		{255C51FD-24D2-4D5F-88FC-E96939003041}.Release|Any CPU.Build.0 = Release|Any CPU
	EndGlobalSection
	GlobalSection(SolutionProperties) = preSolution
		HideSolutionNode = FALSE
	EndGlobalSection
	GlobalSection(ExtensibilityGlobals) = postSolution
		SolutionGuid = {69ADB0D9-096A-4B9A-B551-721D61A1CEA6}
	EndGlobalSection
EndGlobal
